
Microsoft Visual Studio Solution File, Format Version 12.00
# Visual Studio 15
VisualStudioVersion = 15.0.28307.489
MinimumVisualStudioVersion = 10.0.40219.1
Project("{FAE04EC0-301F-11D3-BF4B-00C04F79EFBC}") = "TestCrowd", "TestCrowd\TestCrowd.csproj", "{72CD691B-BD5C-46CA-A13E-D3F42ED85FE2}"
EndProject
Project("{FAE04EC0-301F-11D3-BF4B-00C04F79EFBC}") = "TestCrowd.Tests", "TestCrowd.Tests\TestCrowd.Tests.csproj", "{90485FC1-E922-4E5C-87F0-36DF4155FDAA}"
EndProject
Project("{FAE04EC0-301F-11D3-BF4B-00C04F79EFBC}") = "TestCrowd.DataAccess", "TestCrowd.DataAccess\TestCrowd.DataAccess.csproj", "{A31B074A-BF93-423A-A10E-63CB561F3F0A}"
EndProject
Global
	GlobalSection(SolutionConfigurationPlatforms) = preSolution
		Debug|Any CPU = Debug|Any CPU
		Release|Any CPU = Release|Any CPU
	EndGlobalSection
	GlobalSection(ProjectConfigurationPlatforms) = postSolution
		{72CD691B-BD5C-46CA-A13E-D3F42ED85FE2}.Debug|Any CPU.ActiveCfg = Debug|Any CPU
		{72CD691B-BD5C-46CA-A13E-D3F42ED85FE2}.Debug|Any CPU.Build.0 = Debug|Any CPU
		{72CD691B-BD5C-46CA-A13E-D3F42ED85FE2}.Release|Any CPU.ActiveCfg = Release|Any CPU
		{72CD691B-BD5C-46CA-A13E-D3F42ED85FE2}.Release|Any CPU.Build.0 = Release|Any CPU
		{90485FC1-E922-4E5C-87F0-36DF4155FDAA}.Debug|Any CPU.ActiveCfg = Debug|Any CPU
		{90485FC1-E922-4E5C-87F0-36DF4155FDAA}.Debug|Any CPU.Build.0 = Debug|Any CPU
		{90485FC1-E922-4E5C-87F0-36DF4155FDAA}.Release|Any CPU.ActiveCfg = Release|Any CPU
		{90485FC1-E922-4E5C-87F0-36DF4155FDAA}.Release|Any CPU.Build.0 = Release|Any CPU
		{A31B074A-BF93-423A-A10E-63CB561F3F0A}.Debug|Any CPU.ActiveCfg = Debug|Any CPU
		{A31B074A-BF93-423A-A10E-63CB561F3F0A}.Debug|Any CPU.Build.0 = Debug|Any CPU
		{A31B074A-BF93-423A-A10E-63CB561F3F0A}.Release|Any CPU.ActiveCfg = Release|Any CPU
		{A31B074A-BF93-423A-A10E-63CB561F3F0A}.Release|Any CPU.Build.0 = Release|Any CPU
	EndGlobalSection
	GlobalSection(SolutionProperties) = preSolution
		HideSolutionNode = FALSE
	EndGlobalSection
	GlobalSection(ExtensibilityGlobals) = postSolution
		SolutionGuid = {43645F6D-4110-44C6-86C8-CAA231BF2E4F}
	EndGlobalSection
EndGlobal
